
Microsoft Visual Studio Solution File, Format Version 12.00
# Visual Studio 2012
Project("{8BC9CEB8-8B4A-11D0-8D11-00A0C91BC942}") = "VendingAlternate", "VendingAlternate\VendingAlternate.vcxproj", "{6F60C7F2-9E10-422E-AEC0-B7D9A346875B}"
EndProject
Global
	GlobalSection(SolutionConfigurationPlatforms) = preSolution
		Debug|Win32 = Debug|Win32
		Release|Win32 = Release|Win32
	EndGlobalSection
	GlobalSection(ProjectConfigurationPlatforms) = postSolution
		{6F60C7F2-9E10-422E-AEC0-B7D9A346875B}.Debug|Win32.ActiveCfg = Debug|Win32
		{6F60C7F2-9E10-422E-AEC0-B7D9A346875B}.Debug|Win32.Build.0 = Debug|Win32
		{6F60C7F2-9E10-422E-AEC0-B7D9A346875B}.Release|Win32.ActiveCfg = Release|Win32
		{6F60C7F2-9E10-422E-AEC0-B7D9A346875B}.Release|Win32.Build.0 = Release|Win32
	EndGlobalSection
	GlobalSection(SolutionProperties) = preSolution
		HideSolutionNode = FALSE
	EndGlobalSection
EndGlobal
